
Microsoft Visual Studio Solution File, Format Version 12.00
# Visual Studio Version 16
VisualStudioVersion = 16.0.31019.35
MinimumVisualStudioVersion = 10.0.40219.1
Project("{9A19103F-16F7-4668-BE54-9A1E7A4F7556}") = "Crypt.App", "Crypt.App\Crypt.App.csproj", "{3E77BA55-E133-4881-B284-B3AD5F3E9FC0}"
	ProjectSection(ProjectDependencies) = postProject
		{DD8A490C-EE98-4E46-94EA-3B9BEBB12572} = {DD8A490C-EE98-4E46-94EA-3B9BEBB12572}
		{61917A8F-3A57-4A19-BEA2-1DF9B32A616A} = {61917A8F-3A57-4A19-BEA2-1DF9B32A616A}
	EndProjectSection
EndProject
Project("{9A19103F-16F7-4668-BE54-9A1E7A4F7556}") = "Crypt.Logic", "Crypt.Logic\Crypt.Logic.csproj", "{61917A8F-3A57-4A19-BEA2-1DF9B32A616A}"
	ProjectSection(ProjectDependencies) = postProject
		{DD8A490C-EE98-4E46-94EA-3B9BEBB12572} = {DD8A490C-EE98-4E46-94EA-3B9BEBB12572}
	EndProjectSection
EndProject
Project("{9A19103F-16F7-4668-BE54-9A1E7A4F7556}") = "Crypt.Model", "Crypt.Model\Crypt.Model.csproj", "{DD8A490C-EE98-4E46-94EA-3B9BEBB12572}"
	ProjectSection(ProjectDependencies) = postProject
		{C4B32F00-9A35-4BA0-A449-BF35A115EF2C} = {C4B32F00-9A35-4BA0-A449-BF35A115EF2C}
	EndProjectSection
EndProject
Project("{9A19103F-16F7-4668-BE54-9A1E7A4F7556}") = "AzureControl", "AzureControl\AzureControl.csproj", "{C4B32F00-9A35-4BA0-A449-BF35A115EF2C}"
EndProject
Global
	GlobalSection(SolutionConfigurationPlatforms) = preSolution
		Debug|Any CPU = Debug|Any CPU
		Release|Any CPU = Release|Any CPU
	EndGlobalSection
	GlobalSection(ProjectConfigurationPlatforms) = postSolution
		{3E77BA55-E133-4881-B284-B3AD5F3E9FC0}.Debug|Any CPU.ActiveCfg = Debug|Any CPU
		{3E77BA55-E133-4881-B284-B3AD5F3E9FC0}.Debug|Any CPU.Build.0 = Debug|Any CPU
		{3E77BA55-E133-4881-B284-B3AD5F3E9FC0}.Release|Any CPU.ActiveCfg = Release|Any CPU
		{3E77BA55-E133-4881-B284-B3AD5F3E9FC0}.Release|Any CPU.Build.0 = Release|Any CPU
		{61917A8F-3A57-4A19-BEA2-1DF9B32A616A}.Debug|Any CPU.ActiveCfg = Debug|Any CPU
		{61917A8F-3A57-4A19-BEA2-1DF9B32A616A}.Debug|Any CPU.Build.0 = Debug|Any CPU
		{61917A8F-3A57-4A19-BEA2-1DF9B32A616A}.Release|Any CPU.ActiveCfg = Release|Any CPU
		{61917A8F-3A57-4A19-BEA2-1DF9B32A616A}.Release|Any CPU.Build.0 = Release|Any CPU
		{DD8A490C-EE98-4E46-94EA-3B9BEBB12572}.Debug|Any CPU.ActiveCfg = Debug|Any CPU
		{DD8A490C-EE98-4E46-94EA-3B9BEBB12572}.Debug|Any CPU.Build.0 = Debug|Any CPU
		{DD8A490C-EE98-4E46-94EA-3B9BEBB12572}.Release|Any CPU.ActiveCfg = Release|Any CPU
		{DD8A490C-EE98-4E46-94EA-3B9BEBB12572}.Release|Any CPU.Build.0 = Release|Any CPU
		{C4B32F00-9A35-4BA0-A449-BF35A115EF2C}.Debug|Any CPU.ActiveCfg = Debug|Any CPU
		{C4B32F00-9A35-4BA0-A449-BF35A115EF2C}.Debug|Any CPU.Build.0 = Debug|Any CPU
		{C4B32F00-9A35-4BA0-A449-BF35A115EF2C}.Release|Any CPU.ActiveCfg = Release|Any CPU
		{C4B32F00-9A35-4BA0-A449-BF35A115EF2C}.Release|Any CPU.Build.0 = Release|Any CPU
	EndGlobalSection
	GlobalSection(SolutionProperties) = preSolution
		HideSolutionNode = FALSE
	EndGlobalSection
	GlobalSection(ExtensibilityGlobals) = postSolution
		SolutionGuid = {540C8CA8-5B8B-4A8E-BBBD-61787076E2E5}
	EndGlobalSection
EndGlobal
